
Microsoft Visual Studio Solution File, Format Version 12.00
# Visual Studio 15
VisualStudioVersion = 15.0.26124.0
MinimumVisualStudioVersion = 15.0.26124.0
Project("{FAE04EC0-301F-11D3-BF4B-00C04F79EFBC}") = "test_pdb", "test_pdb\test_pdb.csproj", "{F308E781-A6BA-4B98-AA19-094A8453D676}"
EndProject
Project("{FAE04EC0-301F-11D3-BF4B-00C04F79EFBC}") = "pdb_testing", "tests\pdb_testing.csproj", "{E9931C0A-CE59-4D1B-B47B-3AFFC64D0FEE}"
EndProject
Project("{FAE04EC0-301F-11D3-BF4B-00C04F79EFBC}") = "Microsoft.DiaSymReader.PortablePdb", "..\..\cloned\symreader-portable\src\Microsoft.DiaSymReader.PortablePdb\Microsoft.DiaSymReader.PortablePdb.csproj", "{34CA2632-5CF0-49AC-8702-DDC2882528BF}"
EndProject
Global
	GlobalSection(SolutionConfigurationPlatforms) = preSolution
		Debug|Any CPU = Debug|Any CPU
		Debug|x64 = Debug|x64
		Debug|x86 = Debug|x86
		Release|Any CPU = Release|Any CPU
		Release|x64 = Release|x64
		Release|x86 = Release|x86
	EndGlobalSection
	GlobalSection(SolutionProperties) = preSolution
		HideSolutionNode = FALSE
	EndGlobalSection
	GlobalSection(ProjectConfigurationPlatforms) = postSolution
		{F308E781-A6BA-4B98-AA19-094A8453D676}.Debug|Any CPU.ActiveCfg = Debug|Any CPU
		{F308E781-A6BA-4B98-AA19-094A8453D676}.Debug|Any CPU.Build.0 = Debug|Any CPU
		{F308E781-A6BA-4B98-AA19-094A8453D676}.Debug|x64.ActiveCfg = Debug|Any CPU
		{F308E781-A6BA-4B98-AA19-094A8453D676}.Debug|x64.Build.0 = Debug|Any CPU
		{F308E781-A6BA-4B98-AA19-094A8453D676}.Debug|x86.ActiveCfg = Debug|Any CPU
		{F308E781-A6BA-4B98-AA19-094A8453D676}.Debug|x86.Build.0 = Debug|Any CPU
		{F308E781-A6BA-4B98-AA19-094A8453D676}.Release|Any CPU.ActiveCfg = Release|Any CPU
		{F308E781-A6BA-4B98-AA19-094A8453D676}.Release|Any CPU.Build.0 = Release|Any CPU
		{F308E781-A6BA-4B98-AA19-094A8453D676}.Release|x64.ActiveCfg = Release|Any CPU
		{F308E781-A6BA-4B98-AA19-094A8453D676}.Release|x64.Build.0 = Release|Any CPU
		{F308E781-A6BA-4B98-AA19-094A8453D676}.Release|x86.ActiveCfg = Release|Any CPU
		{F308E781-A6BA-4B98-AA19-094A8453D676}.Release|x86.Build.0 = Release|Any CPU
		{E9931C0A-CE59-4D1B-B47B-3AFFC64D0FEE}.Debug|Any CPU.ActiveCfg = Debug|Any CPU
		{E9931C0A-CE59-4D1B-B47B-3AFFC64D0FEE}.Debug|Any CPU.Build.0 = Debug|Any CPU
		{E9931C0A-CE59-4D1B-B47B-3AFFC64D0FEE}.Debug|x64.ActiveCfg = Debug|Any CPU
		{E9931C0A-CE59-4D1B-B47B-3AFFC64D0FEE}.Debug|x64.Build.0 = Debug|Any CPU
		{E9931C0A-CE59-4D1B-B47B-3AFFC64D0FEE}.Debug|x86.ActiveCfg = Debug|Any CPU
		{E9931C0A-CE59-4D1B-B47B-3AFFC64D0FEE}.Debug|x86.Build.0 = Debug|Any CPU
		{E9931C0A-CE59-4D1B-B47B-3AFFC64D0FEE}.Release|Any CPU.ActiveCfg = Release|Any CPU
		{E9931C0A-CE59-4D1B-B47B-3AFFC64D0FEE}.Release|Any CPU.Build.0 = Release|Any CPU
		{E9931C0A-CE59-4D1B-B47B-3AFFC64D0FEE}.Release|x64.ActiveCfg = Release|Any CPU
		{E9931C0A-CE59-4D1B-B47B-3AFFC64D0FEE}.Release|x64.Build.0 = Release|Any CPU
		{E9931C0A-CE59-4D1B-B47B-3AFFC64D0FEE}.Release|x86.ActiveCfg = Release|Any CPU
		{E9931C0A-CE59-4D1B-B47B-3AFFC64D0FEE}.Release|x86.Build.0 = Release|Any CPU
		{34CA2632-5CF0-49AC-8702-DDC2882528BF}.Debug|Any CPU.ActiveCfg = Debug|Any CPU
		{34CA2632-5CF0-49AC-8702-DDC2882528BF}.Debug|Any CPU.Build.0 = Debug|Any CPU
		{34CA2632-5CF0-49AC-8702-DDC2882528BF}.Debug|x64.ActiveCfg = Debug|Any CPU
		{34CA2632-5CF0-49AC-8702-DDC2882528BF}.Debug|x64.Build.0 = Debug|Any CPU
		{34CA2632-5CF0-49AC-8702-DDC2882528BF}.Debug|x86.ActiveCfg = Debug|Any CPU
		{34CA2632-5CF0-49AC-8702-DDC2882528BF}.Debug|x86.Build.0 = Debug|Any CPU
		{34CA2632-5CF0-49AC-8702-DDC2882528BF}.Release|Any CPU.ActiveCfg = Release|Any CPU
		{34CA2632-5CF0-49AC-8702-DDC2882528BF}.Release|Any CPU.Build.0 = Release|Any CPU
		{34CA2632-5CF0-49AC-8702-DDC2882528BF}.Release|x64.ActiveCfg = Release|Any CPU
		{34CA2632-5CF0-49AC-8702-DDC2882528BF}.Release|x64.Build.0 = Release|Any CPU
		{34CA2632-5CF0-49AC-8702-DDC2882528BF}.Release|x86.ActiveCfg = Release|Any CPU
		{34CA2632-5CF0-49AC-8702-DDC2882528BF}.Release|x86.Build.0 = Release|Any CPU
	EndGlobalSection
EndGlobal
